// !$*UTF8*$!
{
	archiveVersion = 1;
	classes = {
	};
	objectVersion = 55;
	objects = {

/* Begin PBXBuildFile section */
		C035F45826FF227900F4E708 /* Kenyan_DroughtsApp.swift in Sources */ = {isa = PBXBuildFile; fileRef = C035F45726FF227900F4E708 /* Kenyan_DroughtsApp.swift */; };
		C035F45A26FF227900F4E708 /* ContentView.swift in Sources */ = {isa = PBXBuildFile; fileRef = C035F45926FF227900F4E708 /* ContentView.swift */; };
		C035F45C26FF227A00F4E708 /* Assets.xcassets in Resources */ = {isa = PBXBuildFile; fileRef = C035F45B26FF227A00F4E708 /* Assets.xcassets */; };
		C035F45F26FF227A00F4E708 /* Preview Assets.xcassets in Resources */ = {isa = PBXBuildFile; fileRef = C035F45E26FF227A00F4E708 /* Preview Assets.xcassets */; };
		C035F46126FF227A00F4E708 /* Persistence.swift in Sources */ = {isa = PBXBuildFile; fileRef = C035F46026FF227A00F4E708 /* Persistence.swift */; };
		C035F46426FF227A00F4E708 /* Kenyan_Droughts.xcdatamodeld in Sources */ = {isa = PBXBuildFile; fileRef = C035F46226FF227A00F4E708 /* Kenyan_Droughts.xcdatamodeld */; };
/* End PBXBuildFile section */

/* Begin PBXFileReference section */
		C035F45426FF227900F4E708 /* Kenyan Droughts.app */ = {isa = PBXFileReference; explicitFileType = wrapper.application; includeInIndex = 0; path = "Kenyan Droughts.app"; sourceTree = BUILT_PRODUCTS_DIR; };
		C035F45726FF227900F4E708 /* Kenyan_DroughtsApp.swift */ = {isa = PBXFileReference; lastKnownFileType = sourcecode.swift; path = Kenyan_DroughtsApp.swift; sourceTree = "<group>"; };
		C035F45926FF227900F4E708 /* ContentView.swift */ = {isa = PBXFileReference; lastKnownFileType = sourcecode.swift; path = ContentView.swift; sourceTree = "<group>"; };
		C035F45B26FF227A00F4E708 /* Assets.xcassets */ = {isa = PBXFileReference; lastKnownFileType = folder.assetcatalog; path = Assets.xcassets; sourceTree = "<group>"; };
		C035F45E26FF227A00F4E708 /* Preview Assets.xcassets */ = {isa = PBXFileReference; lastKnownFileType = folder.assetcatalog; path = "Preview Assets.xcassets"; sourceTree = "<group>"; };
		C035F46026FF227A00F4E708 /* Persistence.swift */ = {isa = PBXFileReference; lastKnownFileType = sourcecode.swift; path = Persistence.swift; sourceTree = "<group>"; };
		C035F46326FF227A00F4E708 /* Kenyan_Droughts.xcdatamodel */ = {isa = PBXFileReference; lastKnownFileType = wrapper.xcdatamodel; path = Kenyan_Droughts.xcdatamodel; sourceTree = "<group>"; };
/* End PBXFileReference section */

/* Begin PBXFrameworksBuildPhase section */
		C035F45126FF227900F4E708 /* Frameworks */ = {
			isa = PBXFrameworksBuildPhase;
			buildActionMask = 2147483647;
			files = (
			);
			runOnlyForDeploymentPostprocessing = 0;
		};
/* End PBXFrameworksBuildPhase section */

/* Begin PBXGroup section */
		C035F44B26FF227900F4E708 = {
			isa = PBXGroup;
			children = (
				C035F45626FF227900F4E708 /* Kenyan Droughts */,
				C035F45526FF227900F4E708 /* Products */,
			);
			sourceTree = "<group>";
		};
		C035F45526FF227900F4E708 /* Products */ = {
			isa = PBXGroup;
			children = (
				C035F45426FF227900F4E708 /* Kenyan Droughts.app */,
			);
			name = Products;
			sourceTree = "<group>";
		};
		C035F45626FF227900F4E708 /* Kenyan Droughts */ = {
			isa = PBXGroup;
			children = (
				C035F45726FF227900F4E708 /* Kenyan_DroughtsApp.swift */,
				C035F45926FF227900F4E708 /* ContentView.swift */,
				C035F45B26FF227A00F4E708 /* Assets.xcassets */,
				C035F46026FF227A00F4E708 /* Persistence.swift */,
				C035F46226FF227A00F4E708 /* Kenyan_Droughts.xcdatamodeld */,
				C035F45D26FF227A00F4E708 /* Preview Content */,
			);
			path = "Kenyan Droughts";
			sourceTree = "<group>";
		};
		C035F45D26FF227A00F4E708 /* Preview Content */ = {
			isa = PBXGroup;
			children = (
				C035F45E26FF227A00F4E708 /* Preview Assets.xcassets */,
			);
			path = "Preview Content";
			sourceTree = "<group>";
		};
/* End PBXGroup section */

/* Begin PBXNativeTarget section */
		C035F45326FF227900F4E708 /* Kenyan Droughts */ = {
			isa = PBXNativeTarget;
			buildConfigurationList = C035F46726FF227A00F4E708 /* Build configuration list for PBXNativeTarget "Kenyan Droughts" */;
			buildPhases = (
				C035F45026FF227900F4E708 /* Sources */,
				C035F45126FF227900F4E708 /* Frameworks */,
				C035F45226FF227900F4E708 /* Resources */,
			);
			buildRules = (
			);
			dependencies = (
			);
			name = "Kenyan Droughts";
			productName = "Kenyan Droughts";
			productReference = C035F45426FF227900F4E708 /* Kenyan Droughts.app */;
			productType = "com.apple.product-type.application";
		};
/* End PBXNativeTarget section */

/* Begin PBXProject section */
		C035F44C26FF227900F4E708 /* Project object */ = {
			isa = PBXProject;
			attributes = {
				BuildIndependentTargetsInParallel = 1;
				LastSwiftUpdateCheck = 1300;
				LastUpgradeCheck = 1300;
				TargetAttributes = {
					C035F45326FF227900F4E708 = {
						CreatedOnToolsVersion = 13.0;
					};
				};
			};
			buildConfigurationList = C035F44F26FF227900F4E708 /* Build configuration list for PBXProject "Kenyan Droughts" */;
			compatibilityVersion = "Xcode 13.0";
			developmentRegion = en;
			hasScannedForEncodings = 0;
			knownRegions = (
				en,
				Base,
			);
			mainGroup = C035F44B26FF227900F4E708;
			productRefGroup = C035F45526FF227900F4E708 /* Products */;
			projectDirPath = "";
			projectRoot = "";
			targets = (
				C035F45326FF227900F4E708 /* Kenyan Droughts */,
			);
		};
/* End PBXProject section */

/* Begin PBXResourcesBuildPhase section */
		C035F45226FF227900F4E708 /* Resources */ = {
			isa = PBXResourcesBuildPhase;
			buildActionMask = 2147483647;
			files = (
				C035F45F26FF227A00F4E708 /* Preview Assets.xcassets in Resources */,
				C035F45C26FF227A00F4E708 /* Assets.xcassets in Resources */,
			);
			runOnlyForDeploymentPostprocessing = 0;
		};
/* End PBXResourcesBuildPhase section */

/* Begin PBXSourcesBuildPhase section */
		C035F45026FF227900F4E708 /* Sources */ = {
			isa = PBXSourcesBuildPhase;
			buildActionMask = 2147483647;
			files = (
				C035F46126FF227A00F4E708 /* Persistence.swift in Sources */,
				C035F46426FF227A00F4E708 /* Kenyan_Droughts.xcdatamodeld in Sources */,
				C035F45A26FF227900F4E708 /* ContentView.swift in Sources */,
				C035F45826FF227900F4E708 /* Kenyan_DroughtsApp.swift in Sources */,
			);
			runOnlyForDeploymentPostprocessing = 0;
		};
/* End PBXSourcesBuildPhase section */

/* Begin XCBuildConfiguration section */
		C035F46526FF227A00F4E708 /* Debug */ = {
			isa = XCBuildConfiguration;
			buildSettings = {
				ALWAYS_SEARCH_USER_PATHS = NO;
				CLANG_ANALYZER_NONNULL = YES;
				CLANG_ANALYZER_NUMBER_OBJECT_CONVERSION = YES_AGGRESSIVE;
				CLANG_CXX_LANGUAGE_STANDARD = "gnu++17";
				CLANG_CXX_LIBRARY = "libc++";
				CLANG_ENABLE_MODULES = YES;
				CLANG_ENABLE_OBJC_ARC = YES;
				CLANG_ENABLE_OBJC_WEAK = YES;
				CLANG_WARN_BLOCK_CAPTURE_AUTORELEASING = YES;
				CLANG_WARN_BOOL_CONVERSION = YES;
				CLANG_WARN_COMMA = YES;
				CLANG_WARN_CONSTANT_CONVERSION = YES;
				CLANG_WARN_DEPRECATED_OBJC_IMPLEMENTATIONS = YES;
				CLANG_WARN_DIRECT_OBJC_ISA_USAGE = YES_ERROR;
				CLANG_WARN_DOCUMENTATION_COMMENTS = YES;
				CLANG_WARN_EMPTY_BODY = YES;
				CLANG_WARN_ENUM_CONVERSION = YES;
				CLANG_WARN_INFINITE_RECURSION = YES;
				CLANG_WARN_INT_CONVERSION = YES;
				CLANG_WARN_NON_LITERAL_NULL_CONVERSION = YES;
				CLANG_WARN_OBJC_IMPLICIT_RETAIN_SELF = YES;
				CLANG_WARN_OBJC_LITERAL_CONVERSION = YES;
				CLANG_WARN_OBJC_ROOT_CLASS = YES_ERROR;
				CLANG_WARN_QUOTED_INCLUDE_IN_FRAMEWORK_HEADER = YES;
				CLANG_WARN_RANGE_LOOP_ANALYSIS = YES;
				CLANG_WARN_STRICT_PROTOTYPES = YES;
				CLANG_WARN_SUSPICIOUS_MOVE = YES;
				CLANG_WARN_UNGUARDED_AVAILABILITY = YES_AGGRESSIVE;
				CLANG_WARN_UNREACHABLE_CODE = YES;
				CLANG_WARN__DUPLICATE_METHOD_MATCH = YES;
				COPY_PHASE_STRIP = NO;
				DEBUG_INFORMATION_FORMAT = dwarf;
				ENABLE_STRICT_OBJC_MSGSEND = YES;
				ENABLE_TESTABILITY = YES;
				GCC_C_LANGUAGE_STANDARD = gnu11;
				GCC_DYNAMIC_NO_PIC = NO;
				GCC_NO_COMMON_BLOCKS = YES;
				GCC_OPTIMIZATION_LEVEL = 0;
				GCC_PREPROCESSOR_DEFINITIONS = (
					"DEBUG=1",
					"$(inherited)",
				);
				GCC_WARN_64_TO_32_BIT_CONVERSION = YES;
				GCC_WARN_ABOUT_RETURN_TYPE = YES_ERROR;
				GCC_WARN_UNDECLARED_SELECTOR = YES;
				GCC_WARN_UNINITIALIZED_AUTOS = YES_AGGRESSIVE;
				GCC_WARN_UNUSED_FUNCTION = YES;
				GCC_WARN_UNUSED_VARIABLE = YES;
				IPHONEOS_DEPLOYMENT_TARGET = 15.0;
				MTL_ENABLE_DEBUG_INFO = INCLUDE_SOURCE;
				MTL_FAST_MATH = YES;
				ONLY_ACTIVE_ARCH = YES;
				SDKROOT = iphoneos;
				SWIFT_ACTIVE_COMPILATION_CONDITIONS = DEBUG;
				SWIFT_OPTIMIZATION_LEVEL = "-Onone";
			};
			name = Debug;
		};
		C035F46626FF227A00F4E708 /* Release */ = {
			isa = XCBuildConfiguration;
			buildSettings = {
				ALWAYS_SEARCH_USER_PATHS = NO;
				CLANG_ANALYZER_NONNULL = YES;
				CLANG_ANALYZER_NUMBER_OBJECT_CONVERSION = YES_AGGRESSIVE;
				CLANG_CXX_LANGUAGE_STANDARD = "gnu++17";
				CLANG_CXX_LIBRARY = "libc++";
				CLANG_ENABLE_MODULES = YES;
				CLANG_ENABLE_OBJC_ARC = YES;
				CLANG_ENABLE_OBJC_WEAK = YES;
				CLANG_WARN_BLOCK_CAPTURE_AUTORELEASING = YES;
				CLANG_WARN_BOOL_CONVERSION = YES;
				CLANG_WARN_COMMA = YES;
				CLANG_WARN_CONSTANT_CONVERSION = YES;
				CLANG_WARN_DEPRECATED_OBJC_IMPLEMENTATIONS = YES;
				CLANG_WARN_DIRECT_OBJC_ISA_USAGE = YES_ERROR;
				CLANG_WARN_DOCUMENTATION_COMMENTS = YES;
				CLANG_WARN_EMPTY_BODY = YES;
				CLANG_WARN_ENUM_CONVERSION = YES;
				CLANG_WARN_INFINITE_RECURSION = YES;
				CLANG_WARN_INT_CONVERSION = YES;
				CLANG_WARN_NON_LITERAL_NULL_CONVERSION = YES;
				CLANG_WARN_OBJC_IMPLICIT_RETAIN_SELF = YES;
				CLANG_WARN_OBJC_LITERAL_CONVERSION = YES;
				CLANG_WARN_OBJC_ROOT_CLASS = YES_ERROR;
				CLANG_WARN_QUOTED_INCLUDE_IN_FRAMEWORK_HEADER = YES;
				CLANG_WARN_RANGE_LOOP_ANALYSIS = YES;
				CLANG_WARN_STRICT_PROTOTYPES = YES;
				CLANG_WARN_SUSPICIOUS_MOVE = YES;
				CLANG_WARN_UNGUARDED_AVAILABILITY = YES_AGGRESSIVE;
				CLANG_WARN_UNREACHABLE_CODE = YES;
				CLANG_WARN__DUPLICATE_METHOD_MATCH = YES;
				COPY_PHASE_STRIP = NO;
				DEBUG_INFORMATION_FORMAT = "dwarf-with-dsym";
				ENABLE_NS_ASSERTIONS = NO;
				ENABLE_STRICT_OBJC_MSGSEND = YES;
				GCC_C_LANGUAGE_STANDARD = gnu11;
				GCC_NO_COMMON_BLOCKS = YES;
				GCC_WARN_64_TO_32_BIT_CONVERSION = YES;
				GCC_WARN_ABOUT_RETURN_TYPE = YES_ERROR;
				GCC_WARN_UNDECLARED_SELECTOR = YES;
				GCC_WARN_UNINITIALIZED_AUTOS = YES_AGGRESSIVE;
				GCC_WARN_UNUSED_FUNCTION = YES;
				GCC_WARN_UNUSED_VARIABLE = YES;
				IPHONEOS_DEPLOYMENT_TARGET = 15.0;
				MTL_ENABLE_DEBUG_INFO = NO;
				MTL_FAST_MATH = YES;
				SDKROOT = iphoneos;
				SWIFT_COMPILATION_MODE = wholemodule;
				SWIFT_OPTIMIZATION_LEVEL = "-O";
				VALIDATE_PRODUCT = YES;
			};
			name = Release;
		};
		C035F46826FF227A00F4E708 /* Debug */ = {
			isa = XCBuildConfiguration;
			buildSettings = {
				ASSETCATALOG_COMPILER_APPICON_NAME = AppIcon;
				ASSETCATALOG_COMPILER_GLOBAL_ACCENT_COLOR_NAME = AccentColor;
				CODE_SIGN_STYLE = Automatic;
				CURRENT_PROJECT_VERSION = 1;
				DEVELOPMENT_ASSET_PATHS = "\"Kenyan Droughts/Preview Content\"";
				DEVELOPMENT_TEAM = L643TNX5VD;
				ENABLE_PREVIEWS = YES;
				GENERATE_INFOPLIST_FILE = YES;
				INFOPLIST_KEY_UIApplicationSceneManifest_Generation = YES;
				INFOPLIST_KEY_UIApplicationSupportsIndirectInputEvents = YES;
				INFOPLIST_KEY_UILaunchScreen_Generation = YES;
				INFOPLIST_KEY_UISupportedInterfaceOrientations_iPad = "UIInterfaceOrientationPortrait UIInterfaceOrientationPortraitUpsideDown UIInterfaceOrientationLandscapeLeft UIInterfaceOrientationLandscapeRight";
				INFOPLIST_KEY_UISupportedInterfaceOrientations_iPhone = "UIInterfaceOrientationPortrait UIInterfaceOrientationLandscapeLeft UIInterfaceOrientationLandscapeRight";
				IPHONEOS_DEPLOYMENT_TARGET = 14.0;
				LD_RUNPATH_SEARCH_PATHS = (
					"$(inherited)",
					"@executable_path/Frameworks",
				);
				MARKETING_VERSION = 1.0;
				PRODUCT_BUNDLE_IDENTIFIER = "com.bedan.Kenyan-Droughts";
				PRODUCT_NAME = "$(TARGET_NAME)";
				SWIFT_EMIT_LOC_STRINGS = YES;
				SWIFT_VERSION = 5.0;
				TARGETED_DEVICE_FAMILY = "1,2";
			};
			name = Debug;
		};
		C035F46926FF227A00F4E708 /* Release */ = {
			isa = XCBuildConfiguration;
			buildSettings = {
				ASSETCATALOG_COMPILER_APPICON_NAME = AppIcon;
				ASSETCATALOG_COMPILER_GLOBAL_ACCENT_COLOR_NAME = AccentColor;
				CODE_SIGN_STYLE = Automatic;
				CURRENT_PROJECT_VERSION = 1;
				DEVELOPMENT_ASSET_PATHS = "\"Kenyan Droughts/Preview Content\"";
				DEVELOPMENT_TEAM = L643TNX5VD;
				ENABLE_PREVIEWS = YES;
				GENERATE_INFOPLIST_FILE = YES;
				INFOPLIST_KEY_UIApplicationSceneManifest_Generation = YES;
				INFOPLIST_KEY_UIApplicationSupportsIndirectInputEvents = YES;
				INFOPLIST_KEY_UILaunchScreen_Generation = YES;
				INFOPLIST_KEY_UISupportedInterfaceOrientations_iPad = "UIInterfaceOrientationPortrait UIInterfaceOrientationPortraitUpsideDown UIInterfaceOrientationLandscapeLeft UIInterfaceOrientationLandscapeRight";
				INFOPLIST_KEY_UISupportedInterfaceOrientations_iPhone = "UIInterfaceOrientationPortrait UIInterfaceOrientationLandscapeLeft UIInterfaceOrientationLandscapeRight";
				IPHONEOS_DEPLOYMENT_TARGET = 14.0;
				LD_RUNPATH_SEARCH_PATHS = (
					"$(inherited)",
					"@executable_path/Frameworks",
				);
				MARKETING_VERSION = 1.0;
				PRODUCT_BUNDLE_IDENTIFIER = "com.bedan.Kenyan-Droughts";
				PRODUCT_NAME = "$(TARGET_NAME)";
				SWIFT_EMIT_LOC_STRINGS = YES;
				SWIFT_VERSION = 5.0;
				TARGETED_DEVICE_FAMILY = "1,2";
			};
			name = Release;
		};
/* End XCBuildConfiguration section */

/* Begin XCConfigurationList section */
		C035F44F26FF227900F4E708 /* Build configuration list for PBXProject "Kenyan Droughts" */ = {
			isa = XCConfigurationList;
			buildConfigurations = (
				C035F46526FF227A00F4E708 /* Debug */,
				C035F46626FF227A00F4E708 /* Release */,
			);
			defaultConfigurationIsVisible = 0;
			defaultConfigurationName = Release;
		};
		C035F46726FF227A00F4E708 /* Build configuration list for PBXNativeTarget "Kenyan Droughts" */ = {
			isa = XCConfigurationList;
			buildConfigurations = (
				C035F46826FF227A00F4E708 /* Debug */,
				C035F46926FF227A00F4E708 /* Release */,
			);
			defaultConfigurationIsVisible = 0;
			defaultConfigurationName = Release;
		};
/* End XCConfigurationList section */

/* Begin XCVersionGroup section */
		C035F46226FF227A00F4E708 /* Kenyan_Droughts.xcdatamodeld */ = {
			isa = XCVersionGroup;
			children = (
				C035F46326FF227A00F4E708 /* Kenyan_Droughts.xcdatamodel */,
			);
			currentVersion = C035F46326FF227A00F4E708 /* Kenyan_Droughts.xcdatamodel */;
			path = Kenyan_Droughts.xcdatamodeld;
			sourceTree = "<group>";
			versionGroupType = wrapper.xcdatamodel;
		};
/* End XCVersionGroup section */
	};
	rootObject = C035F44C26FF227900F4E708 /* Project object */;
}
